
Microsoft Visual Studio Solution File, Format Version 12.00
# Visual Studio Version 17
VisualStudioVersion = 17.14.36221.1 d17.14
MinimumVisualStudioVersion = 10.0.40219.1
Project("{FAE04EC0-301F-11D3-BF4B-00C04F79EFBC}") = "HytaleCrosshairHUD", "HytaleCrosshairHUD\HytaleCrosshairHUD.csproj", "{4AE0F1AF-BCCD-4782-9462-62C206C2F594}"
EndProject
Global
	GlobalSection(SolutionConfigurationPlatforms) = preSolution
		Debug|Any CPU = Debug|Any CPU
		Release|Any CPU = Release|Any CPU
	EndGlobalSection
	GlobalSection(ProjectConfigurationPlatforms) = postSolution
		{4AE0F1AF-BCCD-4782-9462-62C206C2F594}.Debug|Any CPU.ActiveCfg = Debug|Any CPU
		{4AE0F1AF-BCCD-4782-9462-62C206C2F594}.Debug|Any CPU.Build.0 = Debug|Any CPU
		{4AE0F1AF-BCCD-4782-9462-62C206C2F594}.Release|Any CPU.ActiveCfg = Release|Any CPU
		{4AE0F1AF-BCCD-4782-9462-62C206C2F594}.Release|Any CPU.Build.0 = Release|Any CPU
	EndGlobalSection
	GlobalSection(SolutionProperties) = preSolution
		HideSolutionNode = FALSE
	EndGlobalSection
	GlobalSection(ExtensibilityGlobals) = postSolution
		SolutionGuid = {D5E9DC79-C48B-4982-9C3E-20EB74AF3752}
	EndGlobalSection
EndGlobal
